
Microsoft Visual Studio Solution File, Format Version 12.00
# Visual Studio 2013
VisualStudioVersion = 12.0.40629.0
MinimumVisualStudioVersion = 10.0.40219.1
Project("{8BC9CEB8-8B4A-11D0-8D11-00A0C91BC942}") = "sprototool", "sprototool.vcxproj", "{AD05F142-D448-4873-9243-18EBA107782C}"
EndProject
Project("{8BC9CEB8-8B4A-11D0-8D11-00A0C91BC942}") = "lpeg", "lpeg.vcxproj", "{6491BFA3-B556-4A54-B98A-168BD13AE63C}"
EndProject
Project("{8BC9CEB8-8B4A-11D0-8D11-00A0C91BC942}") = "lua53", "lua53.vcxproj", "{47EEAF9D-E327-4856-AE5D-6AB8E3A92CB0}"
EndProject
Project("{8BC9CEB8-8B4A-11D0-8D11-00A0C91BC942}") = "sproto", "sproto.vcxproj", "{B4577620-92AC-409A-B20A-4993361C6D33}"
EndProject
Project("{8BC9CEB8-8B4A-11D0-8D11-00A0C91BC942}") = "lfs", "lfs.vcxproj", "{92F7C3F2-108B-47EC-9C74-2DA00F79AC3A}"
EndProject
Global
	GlobalSection(SolutionConfigurationPlatforms) = preSolution
		Debug|Win32 = Debug|Win32
		Release|Win32 = Release|Win32
	EndGlobalSection
	GlobalSection(ProjectConfigurationPlatforms) = postSolution
		{AD05F142-D448-4873-9243-18EBA107782C}.Debug|Win32.ActiveCfg = Debug|Win32
		{AD05F142-D448-4873-9243-18EBA107782C}.Debug|Win32.Build.0 = Debug|Win32
		{AD05F142-D448-4873-9243-18EBA107782C}.Release|Win32.ActiveCfg = Release|Win32
		{AD05F142-D448-4873-9243-18EBA107782C}.Release|Win32.Build.0 = Release|Win32
		{6491BFA3-B556-4A54-B98A-168BD13AE63C}.Debug|Win32.ActiveCfg = Debug|Win32
		{6491BFA3-B556-4A54-B98A-168BD13AE63C}.Debug|Win32.Build.0 = Debug|Win32
		{6491BFA3-B556-4A54-B98A-168BD13AE63C}.Release|Win32.ActiveCfg = Release|Win32
		{6491BFA3-B556-4A54-B98A-168BD13AE63C}.Release|Win32.Build.0 = Release|Win32
		{47EEAF9D-E327-4856-AE5D-6AB8E3A92CB0}.Debug|Win32.ActiveCfg = Debug|Win32
		{47EEAF9D-E327-4856-AE5D-6AB8E3A92CB0}.Debug|Win32.Build.0 = Debug|Win32
		{47EEAF9D-E327-4856-AE5D-6AB8E3A92CB0}.Release|Win32.ActiveCfg = Release|Win32
		{47EEAF9D-E327-4856-AE5D-6AB8E3A92CB0}.Release|Win32.Build.0 = Release|Win32
		{B4577620-92AC-409A-B20A-4993361C6D33}.Debug|Win32.ActiveCfg = Debug|Win32
		{B4577620-92AC-409A-B20A-4993361C6D33}.Debug|Win32.Build.0 = Debug|Win32
		{B4577620-92AC-409A-B20A-4993361C6D33}.Release|Win32.ActiveCfg = Release|Win32
		{B4577620-92AC-409A-B20A-4993361C6D33}.Release|Win32.Build.0 = Release|Win32
		{92F7C3F2-108B-47EC-9C74-2DA00F79AC3A}.Debug|Win32.ActiveCfg = Debug|Win32
		{92F7C3F2-108B-47EC-9C74-2DA00F79AC3A}.Debug|Win32.Build.0 = Debug|Win32
		{92F7C3F2-108B-47EC-9C74-2DA00F79AC3A}.Release|Win32.ActiveCfg = Release|Win32
		{92F7C3F2-108B-47EC-9C74-2DA00F79AC3A}.Release|Win32.Build.0 = Release|Win32
	EndGlobalSection
	GlobalSection(SolutionProperties) = preSolution
		HideSolutionNode = FALSE
	EndGlobalSection
EndGlobal
